
Microsoft Visual Studio Solution File, Format Version 12.00
# Visual Studio Version 17
VisualStudioVersion = 17.13.35931.197 d17.13
MinimumVisualStudioVersion = 10.0.40219.1
Project("{FAE04EC0-301F-11D3-BF4B-00C04F79EFBC}") = "LayoustMonteros", "LayoustMonteros\LayoustMonteros.csproj", "{EAF77D33-43B9-46BD-89C2-EB81A10383E3}"
EndProject
Global
	GlobalSection(SolutionConfigurationPlatforms) = preSolution
		Debug|Any CPU = Debug|Any CPU
		Release|Any CPU = Release|Any CPU
	EndGlobalSection
	GlobalSection(ProjectConfigurationPlatforms) = postSolution
		{EAF77D33-43B9-46BD-89C2-EB81A10383E3}.Debug|Any CPU.ActiveCfg = Debug|Any CPU
		{EAF77D33-43B9-46BD-89C2-EB81A10383E3}.Debug|Any CPU.Build.0 = Debug|Any CPU
		{EAF77D33-43B9-46BD-89C2-EB81A10383E3}.Release|Any CPU.ActiveCfg = Release|Any CPU
		{EAF77D33-43B9-46BD-89C2-EB81A10383E3}.Release|Any CPU.Build.0 = Release|Any CPU
	EndGlobalSection
	GlobalSection(SolutionProperties) = preSolution
		HideSolutionNode = FALSE
	EndGlobalSection
	GlobalSection(ExtensibilityGlobals) = postSolution
		SolutionGuid = {37E41F80-7314-4C10-A520-A7F4991240C7}
	EndGlobalSection
EndGlobal
